
Microsoft Visual Studio Solution File, Format Version 12.00
# Visual Studio Version 16
VisualStudioVersion = 16.0.29911.84
MinimumVisualStudioVersion = 10.0.40219.1
Project("{FAE04EC0-301F-11D3-BF4B-00C04F79EFBC}") = "Pegasus", "Pegasus.csproj", "{87162477-6277-47BF-BC22-A2E867130EF4}"
EndProject
Global
	GlobalSection(SolutionConfigurationPlatforms) = preSolution
		Debug|Any CPU = Debug|Any CPU
		Release|Any CPU = Release|Any CPU
	EndGlobalSection
	GlobalSection(ProjectConfigurationPlatforms) = postSolution
		{87162477-6277-47BF-BC22-A2E867130EF4}.Debug|Any CPU.ActiveCfg = Debug|Any CPU
		{87162477-6277-47BF-BC22-A2E867130EF4}.Debug|Any CPU.Build.0 = Debug|Any CPU
		{87162477-6277-47BF-BC22-A2E867130EF4}.Release|Any CPU.ActiveCfg = Release|Any CPU
		{87162477-6277-47BF-BC22-A2E867130EF4}.Release|Any CPU.Build.0 = Release|Any CPU
	EndGlobalSection
	GlobalSection(SolutionProperties) = preSolution
		HideSolutionNode = FALSE
	EndGlobalSection
	GlobalSection(ExtensibilityGlobals) = postSolution
		SolutionGuid = {9C45593B-FB30-46C3-A2A4-861271412543}
	EndGlobalSection
EndGlobal
